// !$*UTF8*$!
{
	archiveVersion = 1;
	classes = {
	};
	objectVersion = 56;
	objects = {

/* Begin PBXBuildFile section */
		045C75062BD23EDE00DDA0EB /* EscapingBootCamp.swift in Sources */ = {isa = PBXBuildFile; fileRef = 045C75052BD23EDD00DDA0EB /* EscapingBootCamp.swift */; };
		EE3BD3AC2B4072C8004326CB /* AccessbilityTextBootcamp.swift in Sources */ = {isa = PBXBuildFile; fileRef = EE3BD3AB2B4072C8004326CB /* AccessbilityTextBootcamp.swift */; };
		EE3BD3AE2B407991004326CB /* AccessbilityColorBootcamp.swift in Sources */ = {isa = PBXBuildFile; fileRef = EE3BD3AD2B407991004326CB /* AccessbilityColorBootcamp.swift */; };
		EE3BD3B02B41C5DE004326CB /* AccessbilityVoiceOverBootcamp.swift in Sources */ = {isa = PBXBuildFile; fileRef = EE3BD3AF2B41C5DE004326CB /* AccessbilityVoiceOverBootcamp.swift */; };
		EE3BD3B42B433033004326CB /* AlignmentGuideBootCamp.swift in Sources */ = {isa = PBXBuildFile; fileRef = EE3BD3B32B433033004326CB /* AlignmentGuideBootCamp.swift */; };
		EEAABFC12B3F29CD00422ED5 /* SwiftUIBootCampApp.swift in Sources */ = {isa = PBXBuildFile; fileRef = EEAABFC02B3F29CD00422ED5 /* SwiftUIBootCampApp.swift */; };
		EEAABFC32B3F29CD00422ED5 /* ContentView.swift in Sources */ = {isa = PBXBuildFile; fileRef = EEAABFC22B3F29CD00422ED5 /* ContentView.swift */; };
		EEAABFC52B3F29CE00422ED5 /* Assets.xcassets in Resources */ = {isa = PBXBuildFile; fileRef = EEAABFC42B3F29CE00422ED5 /* Assets.xcassets */; };
		EEAABFC82B3F29CE00422ED5 /* Preview Assets.xcassets in Resources */ = {isa = PBXBuildFile; fileRef = EEAABFC72B3F29CE00422ED5 /* Preview Assets.xcassets */; };
		EEAABFCF2B3F29DE00422ED5 /* ViewThatFitView.swift in Sources */ = {isa = PBXBuildFile; fileRef = EEAABFCE2B3F29DE00422ED5 /* ViewThatFitView.swift */; };
		EEAABFD12B3F2CCE00422ED5 /* AnyLayoutBootCamp.swift in Sources */ = {isa = PBXBuildFile; fileRef = EEAABFD02B3F2CCE00422ED5 /* AnyLayoutBootCamp.swift */; };
		EEAABFD32B3F2FCD00422ED5 /* PopOverBootCamp.swift in Sources */ = {isa = PBXBuildFile; fileRef = EEAABFD22B3F2FCD00422ED5 /* PopOverBootCamp.swift */; };
		EED389FA2B9F7ED100100520 /* ProtocolBootCamp.swift in Sources */ = {isa = PBXBuildFile; fileRef = EED389F92B9F7ED100100520 /* ProtocolBootCamp.swift */; };
		EED38A1D2BB107FB00100520 /* HashableBootCamp.swift in Sources */ = {isa = PBXBuildFile; fileRef = EED38A1C2BB107FB00100520 /* HashableBootCamp.swift */; };
		EED38A1F2BB10C9F00100520 /* ThreadsBootCamp.swift in Sources */ = {isa = PBXBuildFile; fileRef = EED38A1E2BB10C9F00100520 /* ThreadsBootCamp.swift */; };
		EED38A212BB1116600100520 /* WeakSelfBootCamp.swift in Sources */ = {isa = PBXBuildFile; fileRef = EED38A202BB1116600100520 /* WeakSelfBootCamp.swift */; };
		EEDCF8052B9DE72E00F62A48 /* CustomViewModifiersBootCamp.swift in Sources */ = {isa = PBXBuildFile; fileRef = EEDCF8042B9DE72E00F62A48 /* CustomViewModifiersBootCamp.swift */; };
		EEDCF8072B9DEA1100F62A48 /* CustomButtonStyleBootCamp.swift in Sources */ = {isa = PBXBuildFile; fileRef = EEDCF8062B9DEA1100F62A48 /* CustomButtonStyleBootCamp.swift */; };
		EEDCF8092B9DF08600F62A48 /* CustomTransitionBootCamp.swift in Sources */ = {isa = PBXBuildFile; fileRef = EEDCF8082B9DF08600F62A48 /* CustomTransitionBootCamp.swift */; };
		EEDCF80B2B9DF5AA00F62A48 /* MatchGeometryEffectBootCamp.swift in Sources */ = {isa = PBXBuildFile; fileRef = EEDCF80A2B9DF5AA00F62A48 /* MatchGeometryEffectBootCamp.swift */; };
		EEDCF80D2B9DF93100F62A48 /* GenericBootCamp.swift in Sources */ = {isa = PBXBuildFile; fileRef = EEDCF80C2B9DF93100F62A48 /* GenericBootCamp.swift */; };
		EEDCF80F2B9E08D400F62A48 /* ViewBuilderBootCamp.swift in Sources */ = {isa = PBXBuildFile; fileRef = EEDCF80E2B9E08D400F62A48 /* ViewBuilderBootCamp.swift */; };
/* End PBXBuildFile section */

/* Begin PBXFileReference section */
		045C75052BD23EDD00DDA0EB /* EscapingBootCamp.swift */ = {isa = PBXFileReference; lastKnownFileType = sourcecode.swift; path = EscapingBootCamp.swift; sourceTree = "<group>"; };
		EE3BD3AB2B4072C8004326CB /* AccessbilityTextBootcamp.swift */ = {isa = PBXFileReference; lastKnownFileType = sourcecode.swift; path = AccessbilityTextBootcamp.swift; sourceTree = "<group>"; };
		EE3BD3AD2B407991004326CB /* AccessbilityColorBootcamp.swift */ = {isa = PBXFileReference; lastKnownFileType = sourcecode.swift; path = AccessbilityColorBootcamp.swift; sourceTree = "<group>"; };
		EE3BD3AF2B41C5DE004326CB /* AccessbilityVoiceOverBootcamp.swift */ = {isa = PBXFileReference; lastKnownFileType = sourcecode.swift; path = AccessbilityVoiceOverBootcamp.swift; sourceTree = "<group>"; };
		EE3BD3B32B433033004326CB /* AlignmentGuideBootCamp.swift */ = {isa = PBXFileReference; lastKnownFileType = sourcecode.swift; path = AlignmentGuideBootCamp.swift; sourceTree = "<group>"; };
		EEAABFBD2B3F29CD00422ED5 /* SwiftUIBootCamp.app */ = {isa = PBXFileReference; explicitFileType = wrapper.application; includeInIndex = 0; path = SwiftUIBootCamp.app; sourceTree = BUILT_PRODUCTS_DIR; };
		EEAABFC02B3F29CD00422ED5 /* SwiftUIBootCampApp.swift */ = {isa = PBXFileReference; lastKnownFileType = sourcecode.swift; path = SwiftUIBootCampApp.swift; sourceTree = "<group>"; };
		EEAABFC22B3F29CD00422ED5 /* ContentView.swift */ = {isa = PBXFileReference; lastKnownFileType = sourcecode.swift; path = ContentView.swift; sourceTree = "<group>"; };
		EEAABFC42B3F29CE00422ED5 /* Assets.xcassets */ = {isa = PBXFileReference; lastKnownFileType = folder.assetcatalog; path = Assets.xcassets; sourceTree = "<group>"; };
		EEAABFC72B3F29CE00422ED5 /* Preview Assets.xcassets */ = {isa = PBXFileReference; lastKnownFileType = folder.assetcatalog; path = "Preview Assets.xcassets"; sourceTree = "<group>"; };
		EEAABFCE2B3F29DE00422ED5 /* ViewThatFitView.swift */ = {isa = PBXFileReference; lastKnownFileType = sourcecode.swift; path = ViewThatFitView.swift; sourceTree = "<group>"; };
		EEAABFD02B3F2CCE00422ED5 /* AnyLayoutBootCamp.swift */ = {isa = PBXFileReference; lastKnownFileType = sourcecode.swift; path = AnyLayoutBootCamp.swift; sourceTree = "<group>"; };
		EEAABFD22B3F2FCD00422ED5 /* PopOverBootCamp.swift */ = {isa = PBXFileReference; lastKnownFileType = sourcecode.swift; path = PopOverBootCamp.swift; sourceTree = "<group>"; };
		EED389F92B9F7ED100100520 /* ProtocolBootCamp.swift */ = {isa = PBXFileReference; lastKnownFileType = sourcecode.swift; path = ProtocolBootCamp.swift; sourceTree = "<group>"; };
		EED38A1C2BB107FB00100520 /* HashableBootCamp.swift */ = {isa = PBXFileReference; lastKnownFileType = sourcecode.swift; path = HashableBootCamp.swift; sourceTree = "<group>"; };
		EED38A1E2BB10C9F00100520 /* ThreadsBootCamp.swift */ = {isa = PBXFileReference; lastKnownFileType = sourcecode.swift; path = ThreadsBootCamp.swift; sourceTree = "<group>"; };
		EED38A202BB1116600100520 /* WeakSelfBootCamp.swift */ = {isa = PBXFileReference; lastKnownFileType = sourcecode.swift; path = WeakSelfBootCamp.swift; sourceTree = "<group>"; };
		EEDCF8042B9DE72E00F62A48 /* CustomViewModifiersBootCamp.swift */ = {isa = PBXFileReference; lastKnownFileType = sourcecode.swift; path = CustomViewModifiersBootCamp.swift; sourceTree = "<group>"; };
		EEDCF8062B9DEA1100F62A48 /* CustomButtonStyleBootCamp.swift */ = {isa = PBXFileReference; lastKnownFileType = sourcecode.swift; path = CustomButtonStyleBootCamp.swift; sourceTree = "<group>"; };
		EEDCF8082B9DF08600F62A48 /* CustomTransitionBootCamp.swift */ = {isa = PBXFileReference; lastKnownFileType = sourcecode.swift; path = CustomTransitionBootCamp.swift; sourceTree = "<group>"; };
		EEDCF80A2B9DF5AA00F62A48 /* MatchGeometryEffectBootCamp.swift */ = {isa = PBXFileReference; lastKnownFileType = sourcecode.swift; path = MatchGeometryEffectBootCamp.swift; sourceTree = "<group>"; };
		EEDCF80C2B9DF93100F62A48 /* GenericBootCamp.swift */ = {isa = PBXFileReference; lastKnownFileType = sourcecode.swift; path = GenericBootCamp.swift; sourceTree = "<group>"; };
		EEDCF80E2B9E08D400F62A48 /* ViewBuilderBootCamp.swift */ = {isa = PBXFileReference; lastKnownFileType = sourcecode.swift; path = ViewBuilderBootCamp.swift; sourceTree = "<group>"; };
/* End PBXFileReference section */

/* Begin PBXFrameworksBuildPhase section */
		EEAABFBA2B3F29CD00422ED5 /* Frameworks */ = {
			isa = PBXFrameworksBuildPhase;
			buildActionMask = 2147483647;
			files = (
			);
			runOnlyForDeploymentPostprocessing = 0;
		};
/* End PBXFrameworksBuildPhase section */

/* Begin PBXGroup section */
		EE3BD3A92B4072A4004326CB /* Basic */ = {
			isa = PBXGroup;
			children = (
				EEAABFC22B3F29CD00422ED5 /* ContentView.swift */,
				EEAABFCE2B3F29DE00422ED5 /* ViewThatFitView.swift */,
				EEAABFD02B3F2CCE00422ED5 /* AnyLayoutBootCamp.swift */,
				EEAABFD22B3F2FCD00422ED5 /* PopOverBootCamp.swift */,
			);
			path = Basic;
			sourceTree = "<group>";
		};
		EE3BD3AA2B4072AF004326CB /* Intermediate */ = {
			isa = PBXGroup;
			children = (
				EE3BD3AB2B4072C8004326CB /* AccessbilityTextBootcamp.swift */,
				EE3BD3AD2B407991004326CB /* AccessbilityColorBootcamp.swift */,
				EE3BD3AF2B41C5DE004326CB /* AccessbilityVoiceOverBootcamp.swift */,
				EE3BD3B32B433033004326CB /* AlignmentGuideBootCamp.swift */,
				EED38A1C2BB107FB00100520 /* HashableBootCamp.swift */,
				EED38A1E2BB10C9F00100520 /* ThreadsBootCamp.swift */,
				EED38A202BB1116600100520 /* WeakSelfBootCamp.swift */,
				045C75052BD23EDD00DDA0EB /* EscapingBootCamp.swift */,
			);
			path = Intermediate;
			sourceTree = "<group>";
		};
		EEAABFB42B3F29CD00422ED5 = {
			isa = PBXGroup;
			children = (
				EEAABFBF2B3F29CD00422ED5 /* SwiftUIBootCamp */,
				EEAABFBE2B3F29CD00422ED5 /* Products */,
			);
			sourceTree = "<group>";
		};
		EEAABFBE2B3F29CD00422ED5 /* Products */ = {
			isa = PBXGroup;
			children = (
				EEAABFBD2B3F29CD00422ED5 /* SwiftUIBootCamp.app */,
			);
			name = Products;
			sourceTree = "<group>";
		};
		EEAABFBF2B3F29CD00422ED5 /* SwiftUIBootCamp */ = {
			isa = PBXGroup;
			children = (
				EEAABFC02B3F29CD00422ED5 /* SwiftUIBootCampApp.swift */,
				EE3BD3A92B4072A4004326CB /* Basic */,
				EE3BD3AA2B4072AF004326CB /* Intermediate */,
				EEDCF8032B9DE6C800F62A48 /* Advanced */,
				EEAABFC42B3F29CE00422ED5 /* Assets.xcassets */,
				EEAABFC62B3F29CE00422ED5 /* Preview Content */,
			);
			path = SwiftUIBootCamp;
			sourceTree = "<group>";
		};
		EEAABFC62B3F29CE00422ED5 /* Preview Content */ = {
			isa = PBXGroup;
			children = (
				EEAABFC72B3F29CE00422ED5 /* Preview Assets.xcassets */,
			);
			path = "Preview Content";
			sourceTree = "<group>";
		};
		EEDCF8032B9DE6C800F62A48 /* Advanced */ = {
			isa = PBXGroup;
			children = (
				EEDCF8042B9DE72E00F62A48 /* CustomViewModifiersBootCamp.swift */,
				EEDCF8062B9DEA1100F62A48 /* CustomButtonStyleBootCamp.swift */,
				EEDCF8082B9DF08600F62A48 /* CustomTransitionBootCamp.swift */,
				EEDCF80A2B9DF5AA00F62A48 /* MatchGeometryEffectBootCamp.swift */,
				EEDCF80C2B9DF93100F62A48 /* GenericBootCamp.swift */,
				EEDCF80E2B9E08D400F62A48 /* ViewBuilderBootCamp.swift */,
				EED389F92B9F7ED100100520 /* ProtocolBootCamp.swift */,
			);
			path = Advanced;
			sourceTree = "<group>";
		};
/* End PBXGroup section */

/* Begin PBXNativeTarget section */
		EEAABFBC2B3F29CD00422ED5 /* SwiftUIBootCamp */ = {
			isa = PBXNativeTarget;
			buildConfigurationList = EEAABFCB2B3F29CE00422ED5 /* Build configuration list for PBXNativeTarget "SwiftUIBootCamp" */;
			buildPhases = (
				EEAABFB92B3F29CD00422ED5 /* Sources */,
				EEAABFBA2B3F29CD00422ED5 /* Frameworks */,
				EEAABFBB2B3F29CD00422ED5 /* Resources */,
			);
			buildRules = (
			);
			dependencies = (
			);
			name = SwiftUIBootCamp;
			productName = SwiftUIBootCamp;
			productReference = EEAABFBD2B3F29CD00422ED5 /* SwiftUIBootCamp.app */;
			productType = "com.apple.product-type.application";
		};
/* End PBXNativeTarget section */

/* Begin PBXProject section */
		EEAABFB52B3F29CD00422ED5 /* Project object */ = {
			isa = PBXProject;
			attributes = {
				BuildIndependentTargetsInParallel = 1;
				LastSwiftUpdateCheck = 1510;
				LastUpgradeCheck = 1510;
				TargetAttributes = {
					EEAABFBC2B3F29CD00422ED5 = {
						CreatedOnToolsVersion = 15.1;
					};
				};
			};
			buildConfigurationList = EEAABFB82B3F29CD00422ED5 /* Build configuration list for PBXProject "SwiftUIBootCamp" */;
			compatibilityVersion = "Xcode 14.0";
			developmentRegion = en;
			hasScannedForEncodings = 0;
			knownRegions = (
				en,
				Base,
			);
			mainGroup = EEAABFB42B3F29CD00422ED5;
			productRefGroup = EEAABFBE2B3F29CD00422ED5 /* Products */;
			projectDirPath = "";
			projectRoot = "";
			targets = (
				EEAABFBC2B3F29CD00422ED5 /* SwiftUIBootCamp */,
			);
		};
/* End PBXProject section */

/* Begin PBXResourcesBuildPhase section */
		EEAABFBB2B3F29CD00422ED5 /* Resources */ = {
			isa = PBXResourcesBuildPhase;
			buildActionMask = 2147483647;
			files = (
				EEAABFC82B3F29CE00422ED5 /* Preview Assets.xcassets in Resources */,
				EEAABFC52B3F29CE00422ED5 /* Assets.xcassets in Resources */,
			);
			runOnlyForDeploymentPostprocessing = 0;
		};
/* End PBXResourcesBuildPhase section */

/* Begin PBXSourcesBuildPhase section */
		EEAABFB92B3F29CD00422ED5 /* Sources */ = {
			isa = PBXSourcesBuildPhase;
			buildActionMask = 2147483647;
			files = (
				045C75062BD23EDE00DDA0EB /* EscapingBootCamp.swift in Sources */,
				EED38A1F2BB10C9F00100520 /* ThreadsBootCamp.swift in Sources */,
				EEDCF8092B9DF08600F62A48 /* CustomTransitionBootCamp.swift in Sources */,
				EEAABFCF2B3F29DE00422ED5 /* ViewThatFitView.swift in Sources */,
				EEDCF8052B9DE72E00F62A48 /* CustomViewModifiersBootCamp.swift in Sources */,
				EED38A1D2BB107FB00100520 /* HashableBootCamp.swift in Sources */,
				EEAABFD12B3F2CCE00422ED5 /* AnyLayoutBootCamp.swift in Sources */,
				EE3BD3AE2B407991004326CB /* AccessbilityColorBootcamp.swift in Sources */,
				EE3BD3AC2B4072C8004326CB /* AccessbilityTextBootcamp.swift in Sources */,
				EEDCF80B2B9DF5AA00F62A48 /* MatchGeometryEffectBootCamp.swift in Sources */,
				EE3BD3B02B41C5DE004326CB /* AccessbilityVoiceOverBootcamp.swift in Sources */,
				EED38A212BB1116600100520 /* WeakSelfBootCamp.swift in Sources */,
				EED389FA2B9F7ED100100520 /* ProtocolBootCamp.swift in Sources */,
				EEAABFC32B3F29CD00422ED5 /* ContentView.swift in Sources */,
				EEAABFD32B3F2FCD00422ED5 /* PopOverBootCamp.swift in Sources */,
				EEAABFC12B3F29CD00422ED5 /* SwiftUIBootCampApp.swift in Sources */,
				EE3BD3B42B433033004326CB /* AlignmentGuideBootCamp.swift in Sources */,
				EEDCF80F2B9E08D400F62A48 /* ViewBuilderBootCamp.swift in Sources */,
				EEDCF80D2B9DF93100F62A48 /* GenericBootCamp.swift in Sources */,
				EEDCF8072B9DEA1100F62A48 /* CustomButtonStyleBootCamp.swift in Sources */,
			);
			runOnlyForDeploymentPostprocessing = 0;
		};
/* End PBXSourcesBuildPhase section */

/* Begin XCBuildConfiguration section */
		EEAABFC92B3F29CE00422ED5 /* Debug */ = {
			isa = XCBuildConfiguration;
			buildSettings = {
				ALWAYS_SEARCH_USER_PATHS = NO;
				ASSETCATALOG_COMPILER_GENERATE_SWIFT_ASSET_SYMBOL_EXTENSIONS = YES;
				CLANG_ANALYZER_NONNULL = YES;
				CLANG_ANALYZER_NUMBER_OBJECT_CONVERSION = YES_AGGRESSIVE;
				CLANG_CXX_LANGUAGE_STANDARD = "gnu++20";
				CLANG_ENABLE_MODULES = YES;
				CLANG_ENABLE_OBJC_ARC = YES;
				CLANG_ENABLE_OBJC_WEAK = YES;
				CLANG_WARN_BLOCK_CAPTURE_AUTORELEASING = YES;
				CLANG_WARN_BOOL_CONVERSION = YES;
				CLANG_WARN_COMMA = YES;
				CLANG_WARN_CONSTANT_CONVERSION = YES;
				CLANG_WARN_DEPRECATED_OBJC_IMPLEMENTATIONS = YES;
				CLANG_WARN_DIRECT_OBJC_ISA_USAGE = YES_ERROR;
				CLANG_WARN_DOCUMENTATION_COMMENTS = YES;
				CLANG_WARN_EMPTY_BODY = YES;
				CLANG_WARN_ENUM_CONVERSION = YES;
				CLANG_WARN_INFINITE_RECURSION = YES;
				CLANG_WARN_INT_CONVERSION = YES;
				CLANG_WARN_NON_LITERAL_NULL_CONVERSION = YES;
				CLANG_WARN_OBJC_IMPLICIT_RETAIN_SELF = YES;
				CLANG_WARN_OBJC_LITERAL_CONVERSION = YES;
				CLANG_WARN_OBJC_ROOT_CLASS = YES_ERROR;
				CLANG_WARN_QUOTED_INCLUDE_IN_FRAMEWORK_HEADER = YES;
				CLANG_WARN_RANGE_LOOP_ANALYSIS = YES;
				CLANG_WARN_STRICT_PROTOTYPES = YES;
				CLANG_WARN_SUSPICIOUS_MOVE = YES;
				CLANG_WARN_UNGUARDED_AVAILABILITY = YES_AGGRESSIVE;
				CLANG_WARN_UNREACHABLE_CODE = YES;
				CLANG_WARN__DUPLICATE_METHOD_MATCH = YES;
				COPY_PHASE_STRIP = NO;
				DEBUG_INFORMATION_FORMAT = dwarf;
				ENABLE_STRICT_OBJC_MSGSEND = YES;
				ENABLE_TESTABILITY = YES;
				ENABLE_USER_SCRIPT_SANDBOXING = YES;
				GCC_C_LANGUAGE_STANDARD = gnu17;
				GCC_DYNAMIC_NO_PIC = NO;
				GCC_NO_COMMON_BLOCKS = YES;
				GCC_OPTIMIZATION_LEVEL = 0;
				GCC_PREPROCESSOR_DEFINITIONS = (
					"DEBUG=1",
					"$(inherited)",
				);
				GCC_WARN_64_TO_32_BIT_CONVERSION = YES;
				GCC_WARN_ABOUT_RETURN_TYPE = YES_ERROR;
				GCC_WARN_UNDECLARED_SELECTOR = YES;
				GCC_WARN_UNINITIALIZED_AUTOS = YES_AGGRESSIVE;
				GCC_WARN_UNUSED_FUNCTION = YES;
				GCC_WARN_UNUSED_VARIABLE = YES;
				IPHONEOS_DEPLOYMENT_TARGET = 17.2;
				LOCALIZATION_PREFERS_STRING_CATALOGS = YES;
				MTL_ENABLE_DEBUG_INFO = INCLUDE_SOURCE;
				MTL_FAST_MATH = YES;
				ONLY_ACTIVE_ARCH = YES;
				SDKROOT = iphoneos;
				SWIFT_ACTIVE_COMPILATION_CONDITIONS = "DEBUG $(inherited)";
				SWIFT_OPTIMIZATION_LEVEL = "-Onone";
			};
			name = Debug;
		};
		EEAABFCA2B3F29CE00422ED5 /* Release */ = {
			isa = XCBuildConfiguration;
			buildSettings = {
				ALWAYS_SEARCH_USER_PATHS = NO;
				ASSETCATALOG_COMPILER_GENERATE_SWIFT_ASSET_SYMBOL_EXTENSIONS = YES;
				CLANG_ANALYZER_NONNULL = YES;
				CLANG_ANALYZER_NUMBER_OBJECT_CONVERSION = YES_AGGRESSIVE;
				CLANG_CXX_LANGUAGE_STANDARD = "gnu++20";
				CLANG_ENABLE_MODULES = YES;
				CLANG_ENABLE_OBJC_ARC = YES;
				CLANG_ENABLE_OBJC_WEAK = YES;
				CLANG_WARN_BLOCK_CAPTURE_AUTORELEASING = YES;
				CLANG_WARN_BOOL_CONVERSION = YES;
				CLANG_WARN_COMMA = YES;
				CLANG_WARN_CONSTANT_CONVERSION = YES;
				CLANG_WARN_DEPRECATED_OBJC_IMPLEMENTATIONS = YES;
				CLANG_WARN_DIRECT_OBJC_ISA_USAGE = YES_ERROR;
				CLANG_WARN_DOCUMENTATION_COMMENTS = YES;
				CLANG_WARN_EMPTY_BODY = YES;
				CLANG_WARN_ENUM_CONVERSION = YES;
				CLANG_WARN_INFINITE_RECURSION = YES;
				CLANG_WARN_INT_CONVERSION = YES;
				CLANG_WARN_NON_LITERAL_NULL_CONVERSION = YES;
				CLANG_WARN_OBJC_IMPLICIT_RETAIN_SELF = YES;
				CLANG_WARN_OBJC_LITERAL_CONVERSION = YES;
				CLANG_WARN_OBJC_ROOT_CLASS = YES_ERROR;
				CLANG_WARN_QUOTED_INCLUDE_IN_FRAMEWORK_HEADER = YES;
				CLANG_WARN_RANGE_LOOP_ANALYSIS = YES;
				CLANG_WARN_STRICT_PROTOTYPES = YES;
				CLANG_WARN_SUSPICIOUS_MOVE = YES;
				CLANG_WARN_UNGUARDED_AVAILABILITY = YES_AGGRESSIVE;
				CLANG_WARN_UNREACHABLE_CODE = YES;
				CLANG_WARN__DUPLICATE_METHOD_MATCH = YES;
				COPY_PHASE_STRIP = NO;
				DEBUG_INFORMATION_FORMAT = "dwarf-with-dsym";
				ENABLE_NS_ASSERTIONS = NO;
				ENABLE_STRICT_OBJC_MSGSEND = YES;
				ENABLE_USER_SCRIPT_SANDBOXING = YES;
				GCC_C_LANGUAGE_STANDARD = gnu17;
				GCC_NO_COMMON_BLOCKS = YES;
				GCC_WARN_64_TO_32_BIT_CONVERSION = YES;
				GCC_WARN_ABOUT_RETURN_TYPE = YES_ERROR;
				GCC_WARN_UNDECLARED_SELECTOR = YES;
				GCC_WARN_UNINITIALIZED_AUTOS = YES_AGGRESSIVE;
				GCC_WARN_UNUSED_FUNCTION = YES;
				GCC_WARN_UNUSED_VARIABLE = YES;
				IPHONEOS_DEPLOYMENT_TARGET = 17.2;
				LOCALIZATION_PREFERS_STRING_CATALOGS = YES;
				MTL_ENABLE_DEBUG_INFO = NO;
				MTL_FAST_MATH = YES;
				SDKROOT = iphoneos;
				SWIFT_COMPILATION_MODE = wholemodule;
				VALIDATE_PRODUCT = YES;
			};
			name = Release;
		};
		EEAABFCC2B3F29CE00422ED5 /* Debug */ = {
			isa = XCBuildConfiguration;
			buildSettings = {
				ASSETCATALOG_COMPILER_APPICON_NAME = AppIcon;
				ASSETCATALOG_COMPILER_GLOBAL_ACCENT_COLOR_NAME = AccentColor;
				CODE_SIGN_STYLE = Automatic;
				CURRENT_PROJECT_VERSION = 1;
				DEVELOPMENT_ASSET_PATHS = "\"SwiftUIBootCamp/Preview Content\"";
				DEVELOPMENT_TEAM = DM99567GG6;
				ENABLE_PREVIEWS = YES;
				GENERATE_INFOPLIST_FILE = YES;
				INFOPLIST_KEY_UIApplicationSceneManifest_Generation = YES;
				INFOPLIST_KEY_UIApplicationSupportsIndirectInputEvents = YES;
				INFOPLIST_KEY_UILaunchScreen_Generation = YES;
				INFOPLIST_KEY_UISupportedInterfaceOrientations_iPad = "UIInterfaceOrientationPortrait UIInterfaceOrientationPortraitUpsideDown UIInterfaceOrientationLandscapeLeft UIInterfaceOrientationLandscapeRight";
				INFOPLIST_KEY_UISupportedInterfaceOrientations_iPhone = "UIInterfaceOrientationPortrait UIInterfaceOrientationLandscapeLeft UIInterfaceOrientationLandscapeRight";
				LD_RUNPATH_SEARCH_PATHS = (
					"$(inherited)",
					"@executable_path/Frameworks",
				);
				MARKETING_VERSION = 1.0;
				PRODUCT_BUNDLE_IDENTIFIER = com.bisckoot.SwiftUIBootCamp;
				PRODUCT_NAME = "$(TARGET_NAME)";
				SWIFT_EMIT_LOC_STRINGS = YES;
				SWIFT_VERSION = 5.0;
				TARGETED_DEVICE_FAMILY = "1,2";
			};
			name = Debug;
		};
		EEAABFCD2B3F29CE00422ED5 /* Release */ = {
			isa = XCBuildConfiguration;
			buildSettings = {
				ASSETCATALOG_COMPILER_APPICON_NAME = AppIcon;
				ASSETCATALOG_COMPILER_GLOBAL_ACCENT_COLOR_NAME = AccentColor;
				CODE_SIGN_STYLE = Automatic;
				CURRENT_PROJECT_VERSION = 1;
				DEVELOPMENT_ASSET_PATHS = "\"SwiftUIBootCamp/Preview Content\"";
				DEVELOPMENT_TEAM = DM99567GG6;
				ENABLE_PREVIEWS = YES;
				GENERATE_INFOPLIST_FILE = YES;
				INFOPLIST_KEY_UIApplicationSceneManifest_Generation = YES;
				INFOPLIST_KEY_UIApplicationSupportsIndirectInputEvents = YES;
				INFOPLIST_KEY_UILaunchScreen_Generation = YES;
				INFOPLIST_KEY_UISupportedInterfaceOrientations_iPad = "UIInterfaceOrientationPortrait UIInterfaceOrientationPortraitUpsideDown UIInterfaceOrientationLandscapeLeft UIInterfaceOrientationLandscapeRight";
				INFOPLIST_KEY_UISupportedInterfaceOrientations_iPhone = "UIInterfaceOrientationPortrait UIInterfaceOrientationLandscapeLeft UIInterfaceOrientationLandscapeRight";
				LD_RUNPATH_SEARCH_PATHS = (
					"$(inherited)",
					"@executable_path/Frameworks",
				);
				MARKETING_VERSION = 1.0;
				PRODUCT_BUNDLE_IDENTIFIER = com.bisckoot.SwiftUIBootCamp;
				PRODUCT_NAME = "$(TARGET_NAME)";
				SWIFT_EMIT_LOC_STRINGS = YES;
				SWIFT_VERSION = 5.0;
				TARGETED_DEVICE_FAMILY = "1,2";
			};
			name = Release;
		};
/* End XCBuildConfiguration section */

/* Begin XCConfigurationList section */
		EEAABFB82B3F29CD00422ED5 /* Build configuration list for PBXProject "SwiftUIBootCamp" */ = {
			isa = XCConfigurationList;
			buildConfigurations = (
				EEAABFC92B3F29CE00422ED5 /* Debug */,
				EEAABFCA2B3F29CE00422ED5 /* Release */,
			);
			defaultConfigurationIsVisible = 0;
			defaultConfigurationName = Release;
		};
		EEAABFCB2B3F29CE00422ED5 /* Build configuration list for PBXNativeTarget "SwiftUIBootCamp" */ = {
			isa = XCConfigurationList;
			buildConfigurations = (
				EEAABFCC2B3F29CE00422ED5 /* Debug */,
				EEAABFCD2B3F29CE00422ED5 /* Release */,
			);
			defaultConfigurationIsVisible = 0;
			defaultConfigurationName = Release;
		};
/* End XCConfigurationList section */
	};
	rootObject = EEAABFB52B3F29CD00422ED5 /* Project object */;
}
